
Microsoft Visual Studio Solution File, Format Version 12.00
# Visual Studio Version 16
VisualStudioVersion = 25.0.1705.0
MinimumVisualStudioVersion = 10.0.40219.1
Project("{FAE04EC0-301F-11D3-BF4B-00C04F79EFBC}") = "test", "test\test.csproj", "{4ABC7D13-F88B-485D-AA3B-1BE7052E3246}"
EndProject
Global
	GlobalSection(SolutionConfigurationPlatforms) = preSolution
		Debug|Any CPU = Debug|Any CPU
		Release|Any CPU = Release|Any CPU
	EndGlobalSection
	GlobalSection(ProjectConfigurationPlatforms) = postSolution
		{4ABC7D13-F88B-485D-AA3B-1BE7052E3246}.Debug|Any CPU.ActiveCfg = Debug|Any CPU
		{4ABC7D13-F88B-485D-AA3B-1BE7052E3246}.Debug|Any CPU.Build.0 = Debug|Any CPU
		{4ABC7D13-F88B-485D-AA3B-1BE7052E3246}.Release|Any CPU.ActiveCfg = Release|Any CPU
		{4ABC7D13-F88B-485D-AA3B-1BE7052E3246}.Release|Any CPU.Build.0 = Release|Any CPU
	EndGlobalSection
	GlobalSection(SolutionProperties) = preSolution
		HideSolutionNode = FALSE
	EndGlobalSection
	GlobalSection(ExtensibilityGlobals) = postSolution
		SolutionGuid = {4C88F4E3-3A04-4D94-8E75-4698F84875BF}
	EndGlobalSection
EndGlobal
